
Microsoft Visual Studio Solution File, Format Version 12.00
# Visual Studio 15
VisualStudioVersion = 15.0.28010.2019
MinimumVisualStudioVersion = 10.0.40219.1
Project("{FAE04EC0-301F-11D3-BF4B-00C04F79EFBC}") = "Övning_5_1_klient", "Genomgång\Övning_5_1_klient.csproj", "{9D1D35BE-E57D-416B-B73A-D931674388D5}"
EndProject
Project("{FAE04EC0-301F-11D3-BF4B-00C04F79EFBC}") = "Övning_5_1_server", "ovning5_1_server\Övning_5_1_server.csproj", "{6EA0FE9A-6C90-4E08-918E-1FD0126FCC0A}"
EndProject
Project("{FAE04EC0-301F-11D3-BF4B-00C04F79EFBC}") = "Övning_5_2_klient", "Övning_5_2_\Övning_5_2_klient.csproj", "{D9B83F6E-6989-4152-8919-1C60EA267B4B}"
EndProject
Project("{FAE04EC0-301F-11D3-BF4B-00C04F79EFBC}") = "Övning_5_2_server", "Övning_5_3_server\Övning_5_2_server.csproj", "{CEBE6F9F-489B-446F-8B74-6606D131A658}"
EndProject
Project("{FAE04EC0-301F-11D3-BF4B-00C04F79EFBC}") = "Övning_5_4_klient", "Övning_5_4_klient\Övning_5_4_klient.csproj", "{2C5C0C81-E4ED-4716-9EA8-63C72E1D0069}"
EndProject
Project("{FAE04EC0-301F-11D3-BF4B-00C04F79EFBC}") = "Övning_5_4_server", "Övning_5_4_server\Övning_5_4_server.csproj", "{1840AB79-C8A3-406C-9637-6BA11E05D99F}"
EndProject
Project("{FAE04EC0-301F-11D3-BF4B-00C04F79EFBC}") = "Övning_5_3_klient_(2)", "Övning_5_3_klient_(2)\Övning_5_3_klient_(2).csproj", "{517FD799-CC4A-4C99-99DD-5ECB427C285B}"
EndProject
Project("{FAE04EC0-301F-11D3-BF4B-00C04F79EFBC}") = "Övning_5_3_server_(2)", "Övning_5_3_server_(2)\Övning_5_3_server_(2).csproj", "{D311C41A-5B58-484F-8F17-5053DB54DA45}"
EndProject
Project("{FAE04EC0-301F-11D3-BF4B-00C04F79EFBC}") = "Projekt_kap5_server", "Projekt_kap5_klient\Projekt_kap5_server.csproj", "{DBE3A65D-29E5-4A84-8E2B-8EED2B24A8DB}"
EndProject
Project("{FAE04EC0-301F-11D3-BF4B-00C04F79EFBC}") = "Projekt_kap5_klient", "Projekt_kap5_server\Projekt_kap5_klient.csproj", "{CE05C1C1-D7B5-4F51-AD7D-FEF41F942B3F}"
EndProject
Global
	GlobalSection(SolutionConfigurationPlatforms) = preSolution
		Debug|Any CPU = Debug|Any CPU
		Release|Any CPU = Release|Any CPU
	EndGlobalSection
	GlobalSection(ProjectConfigurationPlatforms) = postSolution
		{9D1D35BE-E57D-416B-B73A-D931674388D5}.Debug|Any CPU.ActiveCfg = Debug|Any CPU
		{9D1D35BE-E57D-416B-B73A-D931674388D5}.Debug|Any CPU.Build.0 = Debug|Any CPU
		{9D1D35BE-E57D-416B-B73A-D931674388D5}.Release|Any CPU.ActiveCfg = Release|Any CPU
		{9D1D35BE-E57D-416B-B73A-D931674388D5}.Release|Any CPU.Build.0 = Release|Any CPU
		{6EA0FE9A-6C90-4E08-918E-1FD0126FCC0A}.Debug|Any CPU.ActiveCfg = Debug|Any CPU
		{6EA0FE9A-6C90-4E08-918E-1FD0126FCC0A}.Debug|Any CPU.Build.0 = Debug|Any CPU
		{6EA0FE9A-6C90-4E08-918E-1FD0126FCC0A}.Release|Any CPU.ActiveCfg = Release|Any CPU
		{6EA0FE9A-6C90-4E08-918E-1FD0126FCC0A}.Release|Any CPU.Build.0 = Release|Any CPU
		{D9B83F6E-6989-4152-8919-1C60EA267B4B}.Debug|Any CPU.ActiveCfg = Debug|Any CPU
		{D9B83F6E-6989-4152-8919-1C60EA267B4B}.Debug|Any CPU.Build.0 = Debug|Any CPU
		{D9B83F6E-6989-4152-8919-1C60EA267B4B}.Release|Any CPU.ActiveCfg = Release|Any CPU
		{D9B83F6E-6989-4152-8919-1C60EA267B4B}.Release|Any CPU.Build.0 = Release|Any CPU
		{CEBE6F9F-489B-446F-8B74-6606D131A658}.Debug|Any CPU.ActiveCfg = Debug|Any CPU
		{CEBE6F9F-489B-446F-8B74-6606D131A658}.Debug|Any CPU.Build.0 = Debug|Any CPU
		{CEBE6F9F-489B-446F-8B74-6606D131A658}.Release|Any CPU.ActiveCfg = Release|Any CPU
		{CEBE6F9F-489B-446F-8B74-6606D131A658}.Release|Any CPU.Build.0 = Release|Any CPU
		{2C5C0C81-E4ED-4716-9EA8-63C72E1D0069}.Debug|Any CPU.ActiveCfg = Debug|Any CPU
		{2C5C0C81-E4ED-4716-9EA8-63C72E1D0069}.Debug|Any CPU.Build.0 = Debug|Any CPU
		{2C5C0C81-E4ED-4716-9EA8-63C72E1D0069}.Release|Any CPU.ActiveCfg = Release|Any CPU
		{2C5C0C81-E4ED-4716-9EA8-63C72E1D0069}.Release|Any CPU.Build.0 = Release|Any CPU
		{1840AB79-C8A3-406C-9637-6BA11E05D99F}.Debug|Any CPU.ActiveCfg = Debug|Any CPU
		{1840AB79-C8A3-406C-9637-6BA11E05D99F}.Debug|Any CPU.Build.0 = Debug|Any CPU
		{1840AB79-C8A3-406C-9637-6BA11E05D99F}.Release|Any CPU.ActiveCfg = Release|Any CPU
		{1840AB79-C8A3-406C-9637-6BA11E05D99F}.Release|Any CPU.Build.0 = Release|Any CPU
		{517FD799-CC4A-4C99-99DD-5ECB427C285B}.Debug|Any CPU.ActiveCfg = Debug|Any CPU
		{517FD799-CC4A-4C99-99DD-5ECB427C285B}.Debug|Any CPU.Build.0 = Debug|Any CPU
		{517FD799-CC4A-4C99-99DD-5ECB427C285B}.Release|Any CPU.ActiveCfg = Release|Any CPU
		{517FD799-CC4A-4C99-99DD-5ECB427C285B}.Release|Any CPU.Build.0 = Release|Any CPU
		{D311C41A-5B58-484F-8F17-5053DB54DA45}.Debug|Any CPU.ActiveCfg = Debug|Any CPU
		{D311C41A-5B58-484F-8F17-5053DB54DA45}.Debug|Any CPU.Build.0 = Debug|Any CPU
		{D311C41A-5B58-484F-8F17-5053DB54DA45}.Release|Any CPU.ActiveCfg = Release|Any CPU
		{D311C41A-5B58-484F-8F17-5053DB54DA45}.Release|Any CPU.Build.0 = Release|Any CPU
		{DBE3A65D-29E5-4A84-8E2B-8EED2B24A8DB}.Debug|Any CPU.ActiveCfg = Debug|Any CPU
		{DBE3A65D-29E5-4A84-8E2B-8EED2B24A8DB}.Debug|Any CPU.Build.0 = Debug|Any CPU
		{DBE3A65D-29E5-4A84-8E2B-8EED2B24A8DB}.Release|Any CPU.ActiveCfg = Release|Any CPU
		{DBE3A65D-29E5-4A84-8E2B-8EED2B24A8DB}.Release|Any CPU.Build.0 = Release|Any CPU
		{CE05C1C1-D7B5-4F51-AD7D-FEF41F942B3F}.Debug|Any CPU.ActiveCfg = Debug|Any CPU
		{CE05C1C1-D7B5-4F51-AD7D-FEF41F942B3F}.Debug|Any CPU.Build.0 = Debug|Any CPU
		{CE05C1C1-D7B5-4F51-AD7D-FEF41F942B3F}.Release|Any CPU.ActiveCfg = Release|Any CPU
		{CE05C1C1-D7B5-4F51-AD7D-FEF41F942B3F}.Release|Any CPU.Build.0 = Release|Any CPU
	EndGlobalSection
	GlobalSection(SolutionProperties) = preSolution
		HideSolutionNode = FALSE
	EndGlobalSection
	GlobalSection(ExtensibilityGlobals) = postSolution
		SolutionGuid = {BE37CCF1-C5E8-4E5B-9D16-70F3DE646910}
	EndGlobalSection
EndGlobal
